{
  "nodes": {
    "flake-utils": {
      "inputs": {
        "systems": "systems"
      },
      "locked": {
        "lastModified": 1731533236,
        "narHash": "sha256-l0KFg5HjrsfsO/JpG+r7fRrqm12kzFHyUHqHCVpMMbI=",
        "owner": "numtide",
        "repo": "flake-utils",
        "rev": "11707dc2f618dd54ca8739b309ec4fc024de578b",
        "type": "github"
      },
      "original": {
        "owner": "numtide",
        "repo": "flake-utils",
        "type": "github"
      }
    },
    "flake-utils_2": {
      "inputs": {
        "systems": "systems_2"
      },
      "locked": {
        "lastModified": 1731533236,
        "narHash": "sha256-l0KFg5HjrsfsO/JpG+r7fRrqm12kzFHyUHqHCVpMMbI=",
        "owner": "numtide",
        "repo": "flake-utils",
        "rev": "11707dc2f618dd54ca8739b309ec4fc024de578b",
        "type": "github"
      },
      "original": {
        "owner": "numtide",
        "repo": "flake-utils",
        "type": "github"
      }
    },
    "formosa-llvm": {
      "inputs": {
        "flake-utils": "flake-utils_2",
        "nixpkgs": "nixpkgs"
      },
      "locked": {
        "lastModified": 1763619769,
        "narHash": "sha256-/o3xArki8yuEfommrNfilVwrEAPGgwGnhDSfiIkssfA=",
        "ref": "refs/heads/formosa/main",
        "rev": "8aa2b406bb750b1bb5d936706b3df0202073cd5d",
        "revCount": 526126,
        "type": "git",
        "url": "ssh://git@git.caslab.ee.ncku.edu.tw/formosa-gpgpu/formosa-llvm.git"
      },
      "original": {
        "type": "git",
        "url": "ssh://git@git.caslab.ee.ncku.edu.tw/formosa-gpgpu/formosa-llvm.git"
      }
    },
    "nixpkgs": {
      "locked": {
        "lastModified": 1757651156,
        "narHash": "sha256-q86Ksl9GLqlol8cPFp6qC974DwlVKmIFPlVL5sSMF+U=",
        "owner": "nixos",
        "repo": "nixpkgs",
        "rev": "428790e2a1014459b72ea76b68e28062895205d7",
        "type": "github"
      },
      "original": {
        "owner": "nixos",
        "ref": "release-25.05",
        "repo": "nixpkgs",
        "type": "github"
      }
    },
    "nixpkgs_2": {
      "locked": {
        "lastModified": 1766312714,
        "narHash": "sha256-cx3VMezfnIMcmVHJQhL9z2pjfif1UDwzLs9C021KJ7U=",
        "owner": "nixos",
        "repo": "nixpkgs",
        "rev": "cebe91c362d8eb99a88287d42cc3b415ebd3d44e",
        "type": "github"
      },
      "original": {
        "owner": "nixos",
        "ref": "release-25.05",
        "repo": "nixpkgs",
        "type": "github"
      }
    },
    "root": {
      "inputs": {
        "flake-utils": "flake-utils",
        "formosa-llvm": "formosa-llvm",
        "nixpkgs": "nixpkgs_2"
      }
    },
    "systems": {
      "locked": {
        "lastModified": 1681028828,
        "narHash": "sha256-Vy1rq5AaRuLzOxct8nz4T6wlgyUR7zLU309k9mBC768=",
        "owner": "nix-systems",
        "repo": "default",
        "rev": "da67096a3b9bf56a91d16901293e51ba5b49a27e",
        "type": "github"
      },
      "original": {
        "owner": "nix-systems",
        "repo": "default",
        "type": "github"
      }
    },
    "systems_2": {
      "locked": {
        "lastModified": 1681028828,
        "narHash": "sha256-Vy1rq5AaRuLzOxct8nz4T6wlgyUR7zLU309k9mBC768=",
        "owner": "nix-systems",
        "repo": "default",
        "rev": "da67096a3b9bf56a91d16901293e51ba5b49a27e",
        "type": "github"
      },
      "original": {
        "owner": "nix-systems",
        "repo": "default",
        "type": "github"
      }
    }
  },
  "root": "root",
  "version": 7
}
